{
  "name": "perf-react",
  "version": "0.0.0",
  "lockfileVersion": 3,
  "requires": true,
  "packages": {
    "": {
      "name": "perf-react",
      "version": "0.0.0",
      "license": "MIT",
      "dependencies": {
        "@lexical/headless": "^0.27.1",
        "@lexical/html": "^0.27.1",
        "@lexical/react": "^0.27.1",
        "@lexical/selection": "^0.27.1",
        "@lexical/utils": "^0.27.1",
        "base-64": "^1.0.0",
        "epitelete-html": "^0.2.21-beta.2",
        "lexical": "^0.27.1",
        "open-patcher": "1.0.0-beta.1",
        "pure-uuid": "^1.8.1",
        "react-tooltip": "^5.28.0"
      },
      "devDependencies": {
        "@types/base-64": "^1.0.2",
        "@types/deep-equal": "^1.0.4",
        "@types/react": "^18.3.18",
        "@types/react-dom": "^18.3.5",
        "deep-equal": "^2.2.3",
        "react": "^18.3.1",
        "react-dom": "^18.3.1",
        "shared": "0.13.1",
        "shared-react": "0.0.1"
      },
      "peerDependencies": {
        "react": ">=18.3.1",
        "react-dom": ">=18.3.1"
      }
    },
    "../../node_modules/.pnpm/@floating-ui+dom@1.6.13/node_modules/@floating-ui/dom": {
      "version": "1.6.13",
      "dev": true,
      "license": "MIT",
      "dependencies": {
        "@floating-ui/core": "^1.6.0",
        "@floating-ui/utils": "^0.2.9"
      },
      "devDependencies": {
        "@types/react": "^18.2.46",
        "@types/react-dom": "^18.2.18",
        "@vitejs/plugin-react": "^4.2.1",
        "config": "0.0.0",
        "react": "^18.2.0",
        "react-dom": "^18.2.0",
        "react-router-dom": "^6.21.1"
      }
    },
    "../../node_modules/.pnpm/@lexical+headless@0.27.1/node_modules/@lexical/headless": {
      "version": "0.27.1",
      "license": "MIT",
      "dependencies": {
        "lexical": "0.27.1"
      }
    },
    "../../node_modules/.pnpm/@lexical+html@0.27.1/node_modules/@lexical/html": {
      "version": "0.27.1",
      "license": "MIT",
      "dependencies": {
        "@lexical/selection": "0.27.1",
        "@lexical/utils": "0.27.1",
        "lexical": "0.27.1"
      }
    },
    "../../node_modules/.pnpm/@lexical+mark@0.27.1/node_modules/@lexical/mark": {
      "version": "0.27.1",
      "dev": true,
      "license": "MIT",
      "dependencies": {
        "@lexical/utils": "0.27.1",
        "lexical": "0.27.1"
      }
    },
    "../../node_modules/.pnpm/@lexical+react@0.27.1_react-dom@18.3.1_react@18.3.1__react@18.3.1_yjs@13.6.20/node_modules/@lexical/react": {
      "version": "0.27.1",
      "license": "MIT",
      "dependencies": {
        "@lexical/clipboard": "0.27.1",
        "@lexical/code": "0.27.1",
        "@lexical/devtools-core": "0.27.1",
        "@lexical/dragon": "0.27.1",
        "@lexical/hashtag": "0.27.1",
        "@lexical/history": "0.27.1",
        "@lexical/link": "0.27.1",
        "@lexical/list": "0.27.1",
        "@lexical/mark": "0.27.1",
        "@lexical/markdown": "0.27.1",
        "@lexical/overflow": "0.27.1",
        "@lexical/plain-text": "0.27.1",
        "@lexical/rich-text": "0.27.1",
        "@lexical/selection": "0.27.1",
        "@lexical/table": "0.27.1",
        "@lexical/text": "0.27.1",
        "@lexical/utils": "0.27.1",
        "@lexical/yjs": "0.27.1",
        "lexical": "0.27.1",
        "react-error-boundary": "^3.1.4"
      },
      "peerDependencies": {
        "react": ">=17.x",
        "react-dom": ">=17.x"
      }
    },
    "../../node_modules/.pnpm/@lexical+selection@0.27.1/node_modules/@lexical/selection": {
      "version": "0.27.1",
      "license": "MIT",
      "dependencies": {
        "lexical": "0.27.1"
      }
    },
    "../../node_modules/.pnpm/@lexical+utils@0.27.1/node_modules/@lexical/utils": {
      "version": "0.27.1",
      "license": "MIT",
      "dependencies": {
        "@lexical/list": "0.27.1",
        "@lexical/selection": "0.27.1",
        "@lexical/table": "0.27.1",
        "lexical": "0.27.1"
      }
    },
    "../../node_modules/.pnpm/@radix-ui+react-tooltip@1.1.8_@types+react-dom@18.3.5_@types+react@18.3.18__@types+reac_95283094e99ff394dd713b5a46c9c816/node_modules/@radix-ui/react-tooltip": {
      "version": "1.1.8",
      "extraneous": true,
      "license": "MIT",
      "dependencies": {
        "@radix-ui/primitive": "1.1.1",
        "@radix-ui/react-compose-refs": "1.1.1",
        "@radix-ui/react-context": "1.1.1",
        "@radix-ui/react-dismissable-layer": "1.1.5",
        "@radix-ui/react-id": "1.1.0",
        "@radix-ui/react-popper": "1.2.2",
        "@radix-ui/react-portal": "1.1.4",
        "@radix-ui/react-presence": "1.1.2",
        "@radix-ui/react-primitive": "2.0.2",
        "@radix-ui/react-slot": "1.1.2",
        "@radix-ui/react-use-controllable-state": "1.1.0",
        "@radix-ui/react-visually-hidden": "1.1.2"
      },
      "devDependencies": {
        "@repo/eslint-config": "0.0.0",
        "@repo/typescript-config": "0.0.0",
        "@types/react": "^19.0.7",
        "@types/react-dom": "^19.0.3",
        "eslint": "^9.18.0",
        "react": "^19.0.0",
        "react-dom": "^19.0.0",
        "typescript": "^5.7.3"
      },
      "peerDependencies": {
        "@types/react": "*",
        "@types/react-dom": "*",
        "react": "^16.8 || ^17.0 || ^18.0 || ^19.0 || ^19.0.0-rc",
        "react-dom": "^16.8 || ^17.0 || ^18.0 || ^19.0 || ^19.0.0-rc"
      },
      "peerDependenciesMeta": {
        "@types/react": {
          "optional": true
        },
        "@types/react-dom": {
          "optional": true
        }
      }
    },
    "../../node_modules/.pnpm/@sillsdev+scripture@2.0.2/node_modules/@sillsdev/scripture": {
      "version": "2.0.2",
      "dev": true,
      "license": "MIT",
      "devDependencies": {
        "@types/jest": "^29.5.13",
        "@typescript-eslint/eslint-plugin": "^7.18.0",
        "@typescript-eslint/parser": "^7.18.0",
        "dts-bundle-generator": "^9.5.1",
        "eslint": "^8.57.1",
        "eslint-config-prettier": "^9.1.0",
        "jest": "^29.7.0",
        "jest-junit": "^16.0.0",
        "prettier": "^3.3.3",
        "ts-jest": "^29.2.5",
        "ts-mockito": "^2.6.1",
        "ts-node": "^10.9.2",
        "tslib": "^2.7.0",
        "typescript": "^5.4.5",
        "vite": "^5.4.8"
      }
    },
    "../../node_modules/.pnpm/@types+base-64@1.0.2/node_modules/@types/base-64": {
      "version": "1.0.2",
      "dev": true,
      "license": "MIT"
    },
    "../../node_modules/.pnpm/@types+deep-equal@1.0.4/node_modules/@types/deep-equal": {
      "version": "1.0.4",
      "dev": true,
      "license": "MIT"
    },
    "../../node_modules/.pnpm/@types+react-dom@18.3.5_@types+react@18.3.18/node_modules/@types/react-dom": {
      "version": "18.3.5",
      "dev": true,
      "license": "MIT",
      "peerDependencies": {
        "@types/react": "^18.0.0"
      }
    },
    "../../node_modules/.pnpm/@types+react@18.3.18/node_modules/@types/react": {
      "version": "18.3.18",
      "dev": true,
      "license": "MIT",
      "dependencies": {
        "@types/prop-types": "*",
        "csstype": "^3.0.2"
      }
    },
    "../../node_modules/.pnpm/@xmldom+xmldom@0.9.7/node_modules/@xmldom/xmldom": {
      "version": "0.9.7",
      "dev": true,
      "license": "MIT",
      "devDependencies": {
        "@homer0/prettier-plugin-jsdoc": "9.1.0",
        "@jazzer.js/core": "2.1.0",
        "@jazzer.js/jest-runner": "2.1.0",
        "auto-changelog": "2.5.0",
        "eslint": "8.57.1",
        "eslint-config-prettier": "10.0.1",
        "eslint-plugin-anti-trojan-source": "1.1.1",
        "eslint-plugin-es5": "1.5.0",
        "eslint-plugin-n": "17.15.1",
        "eslint-plugin-prettier": "5.2.2",
        "get-stream": "6.0.1",
        "jest": "29.7.0",
        "nodemon": "3.1.9",
        "np": "8.0.4",
        "prettier": "3.4.2",
        "rxjs": "7.8.1",
        "xmltest": "2.0.3",
        "yauzl": "3.2.0"
      },
      "engines": {
        "node": ">=14.6"
      }
    },
    "../../node_modules/.pnpm/base-64@1.0.0/node_modules/base-64": {
      "version": "1.0.0",
      "license": "MIT",
      "devDependencies": {
        "coveralls": "^2.11.4",
        "grunt": "^0.4.5",
        "grunt-cli": "^1.3.2",
        "grunt-shell": "^1.1.2",
        "grunt-template": "^0.2.3",
        "istanbul": "^0.4.0",
        "mocha": "^6.2.0",
        "regenerate": "^1.2.1"
      }
    },
    "../../node_modules/.pnpm/deep-equal@2.2.3/node_modules/deep-equal": {
      "version": "2.2.3",
      "dev": true,
      "license": "MIT",
      "dependencies": {
        "array-buffer-byte-length": "^1.0.0",
        "call-bind": "^1.0.5",
        "es-get-iterator": "^1.1.3",
        "get-intrinsic": "^1.2.2",
        "is-arguments": "^1.1.1",
        "is-array-buffer": "^3.0.2",
        "is-date-object": "^1.0.5",
        "is-regex": "^1.1.4",
        "is-shared-array-buffer": "^1.0.2",
        "isarray": "^2.0.5",
        "object-is": "^1.1.5",
        "object-keys": "^1.1.1",
        "object.assign": "^4.1.4",
        "regexp.prototype.flags": "^1.5.1",
        "side-channel": "^1.0.4",
        "which-boxed-primitive": "^1.0.2",
        "which-collection": "^1.0.1",
        "which-typed-array": "^1.1.13"
      },
      "devDependencies": {
        "@ljharb/eslint-config": "^21.1.0",
        "aud": "^2.0.3",
        "auto-changelog": "^2.4.0",
        "available-typed-arrays": "^1.0.5",
        "eslint": "=8.8.0",
        "for-each": "^0.3.3",
        "has-proto": "^1.0.1",
        "has-symbols": "^1.0.3",
        "has-typed-arrays": "^1.0.1",
        "in-publish": "^2.0.1",
        "npmignore": "^0.3.0",
        "nyc": "^10.3.2",
        "object.getownpropertydescriptors": "^2.1.7",
        "safe-publish-latest": "^2.0.0",
        "semver": "^6.3.1",
        "tape": "^5.7.2"
      },
      "engines": {
        "node": ">= 0.4"
      },
      "funding": {
        "url": "https://github.com/sponsors/ljharb"
      }
    },
    "../../node_modules/.pnpm/epitelete-html@0.2.21-beta.2/node_modules/epitelete-html": {
      "version": "0.2.21-beta.2",
      "license": "MIT",
      "dependencies": {
        "@babel/core": "^7.17.10",
        "base-64": "^1.0.0",
        "epitelete": "^0.2.20",
        "node-html-parser": "^5.3.3",
        "pure-uuid": "^1.6.3"
      },
      "devDependencies": {
        "@babel/cli": "^7.17.10",
        "@babel/preset-env": "^7.17.10",
        "babel-eslint": "^10.1.0",
        "babel-tape-runner": "^3.0.0",
        "eslint": "^8.15.0",
        "fs-extra": "^10.1.0",
        "js-beautify": "^1.14.4",
        "path": "^0.12.7",
        "tap-summary": "^4.0.0",
        "tape": "^5.5.3",
        "uw-proskomma": "^0.8.5"
      }
    },
    "../../node_modules/.pnpm/epitelete@0.2.20/node_modules/epitelete": {
      "version": "0.2.20",
      "dev": true,
      "license": "MIT",
      "dependencies": {
        "@babel/core": "^7.19.0",
        "@findr/perf": "^1.0.3-beta.17",
        "base-64": "^1.0.0",
        "proskomma-json-tools": "^0.7.1",
        "pure-uuid": "^1.6.3",
        "rfdc": "^1.3.0"
      },
      "devDependencies": {
        "@babel/cli": "^7.17.10",
        "@babel/eslint-parser": "^7.18.9",
        "@babel/preset-env": "^7.17.10",
        "@babel/register": "^7.18.9",
        "eslint": "^8.15.0",
        "fs-extra": "^10.1.0",
        "jsdoc": "^3.6.10",
        "jsdoc-to-markdown": "^7.1.1",
        "path": "^0.12.7",
        "proskomma": "^0.9.2",
        "tap-summary": "^4.0.0",
        "tape": "^5.5.3"
      }
    },
    "../../node_modules/.pnpm/json-difference@1.16.1/node_modules/json-difference": {
      "version": "1.16.1",
      "dev": true,
      "license": "MIT",
      "devDependencies": {
        "vite": "^5.0.10",
        "vite-plugin-dts": "~2.3.0"
      },
      "engines": {
        "node": ">=18.17.x"
      }
    },
    "../../node_modules/.pnpm/lexical@0.27.1/node_modules/lexical": {
      "version": "0.27.1",
      "license": "MIT"
    },
    "../../node_modules/.pnpm/open-patcher@1.0.0-beta.1/node_modules/open-patcher": {
      "version": "1.0.0-beta.1",
      "license": "MIT",
      "devDependencies": {
        "@types/jest": "^29.5.12",
        "@types/node": "^20.11.30",
        "@typescript-eslint/eslint-plugin": "^7.4.0",
        "@typescript-eslint/parser": "^7.4.0",
        "cross-env": "^7.0.3",
        "eslint": "^8.57.0",
        "eslint-config-prettier": "^9.1.0",
        "eslint-plugin-prettier": "^5.1.3",
        "jest": "^29.7.0",
        "prettier": "^3.2.5",
        "rimraf": "^5.0.5",
        "ts-jest": "^29.1.2",
        "ts-node": "^10.9.2",
        "ts-prune": "^0.10.3",
        "typescript": "^5.4.3"
      },
      "engines": {
        "node": ">=12.0.0"
      }
    },
    "../../node_modules/.pnpm/proskomma-core@0.10.10_@babel+core@7.26.0/node_modules/proskomma-core": {
      "version": "0.10.10",
      "dev": true,
      "license": "MIT",
      "dependencies": {
        "@babel/preset-env": "^7.20.2",
        "@graphql-tools/schema": "^9.0.3",
        "async-mutex": "^0.4.0",
        "base-64": "^1.0.0",
        "base64-js": "^1.5.1",
        "bitset": "^5.1.1",
        "buffer": "^6.0.3",
        "deep-copy-all": "^1.3.4",
        "deep-equal": "^2.0.5",
        "easy-crc32": "^0.0.2",
        "fs-extra": "^11.1.0",
        "graphql": "^v16.6.0",
        "proskomma-json-tools": "^0.6.5",
        "pure-uuid": "^1.6.2",
        "sax": "^1.2.4",
        "stream": "0.0.2",
        "string_decoder": "^1.3.0",
        "utf8-string-bytes": "^1.0.3",
        "util": "^0.12.4",
        "xregexp": "^5.1.1"
      },
      "devDependencies": {
        "@babel/eslint-parser": "^7.19.1",
        "@babel/register": "^7.18.9",
        "@esbuild-plugins/node-globals-polyfill": "^0.2.3",
        "events": "^3.3.0",
        "parcel": "^2.12.0",
        "process": "^0.11.10",
        "stream-browserify": "^3.0.0",
        "tap-summary": "^4.0.0",
        "tape": "^5.7.5",
        "typescript": "^4.9.5",
        "vite": "^4.1.4"
      }
    },
    "../../node_modules/.pnpm/proskomma-json-tools@0.8.21/node_modules/proskomma-json-tools": {
      "version": "0.8.21",
      "dev": true,
      "license": "MIT",
      "dependencies": {
        "@babel/core": "^7.23.2",
        "@babel/plugin-proposal-throw-expressions": "^7.22.5",
        "ajv": "^8.12.0",
        "cheerio": "^1.0.0-rc.12",
        "deep-equal": "^2.2.2",
        "usfm-js": "^3.4.2",
        "xregexp": "^5.1.1"
      },
      "devDependencies": {
        "@babel/cli": "^7.23.0",
        "@babel/eslint-parser": "^7.22.15",
        "@babel/preset-env": "^7.23.2",
        "@babel/register": "^7.22.15",
        "eslint": "^8.52.0",
        "fs-extra": "^11.1.1",
        "path": "^0.12.7",
        "proskomma-core": "^0.10.10",
        "tap-summary": "^4.0.0",
        "tape": "^5.7.2"
      }
    },
    "../../node_modules/.pnpm/pure-uuid@1.8.1/node_modules/pure-uuid": {
      "version": "1.8.1",
      "license": "MIT",
      "devDependencies": {
        "chai": "4.3.8",
        "eslint": "8.48.0",
        "eslint-config-standard": "17.1.0",
        "eslint-plugin-import": "2.28.1",
        "eslint-plugin-node": "11.1.0",
        "eslint-plugin-promise": "6.1.1",
        "grunt": "1.6.1",
        "grunt-cli": "1.4.3",
        "grunt-contrib-clean": "2.0.1",
        "grunt-contrib-jshint": "3.2.0",
        "grunt-contrib-uglify": "5.2.2",
        "grunt-eslint": "24.3.0",
        "grunt-mocha-test": "0.13.3",
        "mocha": "10.2.0"
      },
      "engines": {
        "node": ">=8.0.0"
      }
    },
    "../../node_modules/.pnpm/react-dom@18.3.1_react@18.3.1/node_modules/react-dom": {
      "version": "18.3.1",
      "license": "MIT",
      "dependencies": {
        "loose-envify": "^1.1.0",
        "scheduler": "^0.23.2"
      },
      "peerDependencies": {
        "react": "^18.3.1"
      }
    },
    "../../node_modules/.pnpm/react@18.3.1/node_modules/react": {
      "version": "18.3.1",
      "license": "MIT",
      "dependencies": {
        "loose-envify": "^1.1.0"
      },
      "engines": {
        "node": ">=0.10.0"
      }
    },
    "../shared": {
      "version": "0.13.1",
      "dev": true,
      "license": "MIT",
      "dependencies": {
        "@biblionexus-foundation/scripture-utilities": "workspace:*",
        "@lexical/mark": "^0.27.1",
        "@lexical/utils": "^0.27.1",
        "@sillsdev/scripture": "^2.0.2",
        "epitelete": "^0.2.20",
        "lexical": "^0.27.1",
        "open-patcher": "1.0.0-beta.1"
      },
      "devDependencies": {
        "@types/deep-equal": "^1.0.4",
        "deep-equal": "^2.2.3",
        "json-difference": "^1.16.1",
        "proskomma-core": "^0.10.10",
        "proskomma-json-tools": "^0.8.21"
      },
      "peerDependencies": {
        "proskomma-core": ">=0.10.4"
      }
    },
    "../shared-react": {
      "version": "0.0.1",
      "dev": true,
      "license": "MIT",
      "dependencies": {
        "@floating-ui/dom": "^1.6.13",
        "@lexical/react": "^0.27.1",
        "@lexical/utils": "^0.27.1",
        "lexical": "^0.27.1"
      },
      "devDependencies": {
        "@types/react": "^18.3.18",
        "@types/react-dom": "^18.3.5",
        "react": "^18.3.1",
        "react-dom": "^18.3.1",
        "shared": "link:../shared"
      },
      "peerDependencies": {
        "react": ">=18.3.1",
        "react-dom": ">=18.3.1"
      }
    },
    "../shared-react/node_modules/@floating-ui/dom": {
      "resolved": "../../node_modules/.pnpm/@floating-ui+dom@1.6.13/node_modules/@floating-ui/dom",
      "link": true
    },
    "../shared-react/node_modules/@lexical/react": {
      "resolved": "../../node_modules/.pnpm/@lexical+react@0.27.1_react-dom@18.3.1_react@18.3.1__react@18.3.1_yjs@13.6.20/node_modules/@lexical/react",
      "link": true
    },
    "../shared-react/node_modules/@lexical/utils": {
      "resolved": "../../node_modules/.pnpm/@lexical+utils@0.27.1/node_modules/@lexical/utils",
      "link": true
    },
    "../shared-react/node_modules/@types/react": {
      "resolved": "../../node_modules/.pnpm/@types+react@18.3.18/node_modules/@types/react",
      "link": true
    },
    "../shared-react/node_modules/@types/react-dom": {
      "resolved": "../../node_modules/.pnpm/@types+react-dom@18.3.5_@types+react@18.3.18/node_modules/@types/react-dom",
      "link": true
    },
    "../shared-react/node_modules/lexical": {
      "resolved": "../../node_modules/.pnpm/lexical@0.27.1/node_modules/lexical",
      "link": true
    },
    "../shared-react/node_modules/react": {
      "resolved": "../../node_modules/.pnpm/react@18.3.1/node_modules/react",
      "link": true
    },
    "../shared-react/node_modules/react-dom": {
      "resolved": "../../node_modules/.pnpm/react-dom@18.3.1_react@18.3.1/node_modules/react-dom",
      "link": true
    },
    "../shared-react/node_modules/shared": {
      "resolved": "../shared",
      "link": true
    },
    "../shared/node_modules/@biblionexus-foundation/scripture-utilities": {
      "resolved": "../utilities",
      "link": true
    },
    "../shared/node_modules/@lexical/mark": {
      "resolved": "../../node_modules/.pnpm/@lexical+mark@0.27.1/node_modules/@lexical/mark",
      "link": true
    },
    "../shared/node_modules/@lexical/utils": {
      "resolved": "../../node_modules/.pnpm/@lexical+utils@0.27.1/node_modules/@lexical/utils",
      "link": true
    },
    "../shared/node_modules/@sillsdev/scripture": {
      "resolved": "../../node_modules/.pnpm/@sillsdev+scripture@2.0.2/node_modules/@sillsdev/scripture",
      "link": true
    },
    "../shared/node_modules/@types/deep-equal": {
      "resolved": "../../node_modules/.pnpm/@types+deep-equal@1.0.4/node_modules/@types/deep-equal",
      "link": true
    },
    "../shared/node_modules/deep-equal": {
      "resolved": "../../node_modules/.pnpm/deep-equal@2.2.3/node_modules/deep-equal",
      "link": true
    },
    "../shared/node_modules/epitelete": {
      "resolved": "../../node_modules/.pnpm/epitelete@0.2.20/node_modules/epitelete",
      "link": true
    },
    "../shared/node_modules/json-difference": {
      "resolved": "../../node_modules/.pnpm/json-difference@1.16.1/node_modules/json-difference",
      "link": true
    },
    "../shared/node_modules/lexical": {
      "resolved": "../../node_modules/.pnpm/lexical@0.27.1/node_modules/lexical",
      "link": true
    },
    "../shared/node_modules/open-patcher": {
      "resolved": "../../node_modules/.pnpm/open-patcher@1.0.0-beta.1/node_modules/open-patcher",
      "link": true
    },
    "../shared/node_modules/proskomma-core": {
      "resolved": "../../node_modules/.pnpm/proskomma-core@0.10.10_@babel+core@7.26.0/node_modules/proskomma-core",
      "link": true
    },
    "../shared/node_modules/proskomma-json-tools": {
      "resolved": "../../node_modules/.pnpm/proskomma-json-tools@0.8.21/node_modules/proskomma-json-tools",
      "link": true
    },
    "../utilities": {
      "name": "@biblionexus-foundation/scripture-utilities",
      "version": "0.0.7",
      "dev": true,
      "license": "MIT",
      "dependencies": {
        "@xmldom/xmldom": "^0.9.7"
      },
      "devDependencies": {
        "lexical": "^0.27.1"
      }
    },
    "../utilities/node_modules/@xmldom/xmldom": {
      "resolved": "../../node_modules/.pnpm/@xmldom+xmldom@0.9.7/node_modules/@xmldom/xmldom",
      "link": true
    },
    "../utilities/node_modules/lexical": {
      "resolved": "../../node_modules/.pnpm/lexical@0.27.1/node_modules/lexical",
      "link": true
    },
    "node_modules/@floating-ui/core": {
      "version": "1.6.9",
      "resolved": "https://registry.npmjs.org/@floating-ui/core/-/core-1.6.9.tgz",
      "integrity": "sha512-uMXCuQ3BItDUbAMhIXw7UPXRfAlOAvZzdK9BWpE60MCn+Svt3aLn9jsPTi/WNGlRUu2uI0v5S7JiIUsbsvh3fw==",
      "license": "MIT",
      "dependencies": {
        "@floating-ui/utils": "^0.2.9"
      }
    },
    "node_modules/@floating-ui/dom": {
      "version": "1.6.13",
      "resolved": "https://registry.npmjs.org/@floating-ui/dom/-/dom-1.6.13.tgz",
      "integrity": "sha512-umqzocjDgNRGTuO7Q8CU32dkHkECqI8ZdMZ5Swb6QAM0t5rnlrN3lGo1hdpscRd3WS8T6DKYK4ephgIH9iRh3w==",
      "license": "MIT",
      "dependencies": {
        "@floating-ui/core": "^1.6.0",
        "@floating-ui/utils": "^0.2.9"
      }
    },
    "node_modules/@floating-ui/utils": {
      "version": "0.2.9",
      "resolved": "https://registry.npmjs.org/@floating-ui/utils/-/utils-0.2.9.tgz",
      "integrity": "sha512-MDWhGtE+eHw5JW7lq4qhc5yRLS11ERl1c7Z6Xd0a58DozHES6EnNNwUWbMiG4J9Cgj053Bhk8zvlhFYKVhULwg==",
      "license": "MIT"
    },
    "node_modules/@lexical/headless": {
      "resolved": "../../node_modules/.pnpm/@lexical+headless@0.27.1/node_modules/@lexical/headless",
      "link": true
    },
    "node_modules/@lexical/html": {
      "resolved": "../../node_modules/.pnpm/@lexical+html@0.27.1/node_modules/@lexical/html",
      "link": true
    },
    "node_modules/@lexical/react": {
      "resolved": "../../node_modules/.pnpm/@lexical+react@0.27.1_react-dom@18.3.1_react@18.3.1__react@18.3.1_yjs@13.6.20/node_modules/@lexical/react",
      "link": true
    },
    "node_modules/@lexical/selection": {
      "resolved": "../../node_modules/.pnpm/@lexical+selection@0.27.1/node_modules/@lexical/selection",
      "link": true
    },
    "node_modules/@lexical/utils": {
      "resolved": "../../node_modules/.pnpm/@lexical+utils@0.27.1/node_modules/@lexical/utils",
      "link": true
    },
    "node_modules/@types/base-64": {
      "resolved": "../../node_modules/.pnpm/@types+base-64@1.0.2/node_modules/@types/base-64",
      "link": true
    },
    "node_modules/@types/deep-equal": {
      "resolved": "../../node_modules/.pnpm/@types+deep-equal@1.0.4/node_modules/@types/deep-equal",
      "link": true
    },
    "node_modules/@types/react": {
      "resolved": "../../node_modules/.pnpm/@types+react@18.3.18/node_modules/@types/react",
      "link": true
    },
    "node_modules/@types/react-dom": {
      "resolved": "../../node_modules/.pnpm/@types+react-dom@18.3.5_@types+react@18.3.18/node_modules/@types/react-dom",
      "link": true
    },
    "node_modules/base-64": {
      "resolved": "../../node_modules/.pnpm/base-64@1.0.0/node_modules/base-64",
      "link": true
    },
    "node_modules/classnames": {
      "version": "2.5.1",
      "resolved": "https://registry.npmjs.org/classnames/-/classnames-2.5.1.tgz",
      "integrity": "sha512-saHYOzhIQs6wy2sVxTM6bUDsQO4F50V9RQ22qBpEdCW+I+/Wmke2HOl6lS6dTpdxVhb88/I6+Hs+438c3lfUow==",
      "license": "MIT"
    },
    "node_modules/deep-equal": {
      "resolved": "../../node_modules/.pnpm/deep-equal@2.2.3/node_modules/deep-equal",
      "link": true
    },
    "node_modules/epitelete-html": {
      "resolved": "../../node_modules/.pnpm/epitelete-html@0.2.21-beta.2/node_modules/epitelete-html",
      "link": true
    },
    "node_modules/lexical": {
      "resolved": "../../node_modules/.pnpm/lexical@0.27.1/node_modules/lexical",
      "link": true
    },
    "node_modules/open-patcher": {
      "resolved": "../../node_modules/.pnpm/open-patcher@1.0.0-beta.1/node_modules/open-patcher",
      "link": true
    },
    "node_modules/pure-uuid": {
      "resolved": "../../node_modules/.pnpm/pure-uuid@1.8.1/node_modules/pure-uuid",
      "link": true
    },
    "node_modules/react": {
      "resolved": "../../node_modules/.pnpm/react@18.3.1/node_modules/react",
      "link": true
    },
    "node_modules/react-dom": {
      "resolved": "../../node_modules/.pnpm/react-dom@18.3.1_react@18.3.1/node_modules/react-dom",
      "link": true
    },
    "node_modules/react-tooltip": {
      "version": "5.28.0",
      "resolved": "https://registry.npmjs.org/react-tooltip/-/react-tooltip-5.28.0.tgz",
      "integrity": "sha512-R5cO3JPPXk6FRbBHMO0rI9nkUG/JKfalBSQfZedZYzmqaZQgq7GLzF8vcCWx6IhUCKg0yPqJhXIzmIO5ff15xg==",
      "license": "MIT",
      "dependencies": {
        "@floating-ui/dom": "^1.6.1",
        "classnames": "^2.3.0"
      },
      "peerDependencies": {
        "react": ">=16.14.0",
        "react-dom": ">=16.14.0"
      }
    },
    "node_modules/shared": {
      "resolved": "../shared",
      "link": true
    },
    "node_modules/shared-react": {
      "resolved": "../shared-react",
      "link": true
    }
  }
}
